
Microsoft Visual Studio Solution File, Format Version 12.00
# Visual Studio Version 16
VisualStudioVersion = 16.0.29418.71
MinimumVisualStudioVersion = 10.0.40219.1
Project("{FAE04EC0-301F-11D3-BF4B-00C04F79EFBC}") = "Lagrkomp", "Lagrkomp\Lagrkomp.csproj", "{5698F25B-F108-4459-8CE9-15C32396F8C6}"
EndProject
Global
	GlobalSection(SolutionConfigurationPlatforms) = preSolution
		Debug|Any CPU = Debug|Any CPU
		Release|Any CPU = Release|Any CPU
	EndGlobalSection
	GlobalSection(ProjectConfigurationPlatforms) = postSolution
		{5698F25B-F108-4459-8CE9-15C32396F8C6}.Debug|Any CPU.ActiveCfg = Debug|Any CPU
		{5698F25B-F108-4459-8CE9-15C32396F8C6}.Debug|Any CPU.Build.0 = Debug|Any CPU
		{5698F25B-F108-4459-8CE9-15C32396F8C6}.Release|Any CPU.ActiveCfg = Release|Any CPU
		{5698F25B-F108-4459-8CE9-15C32396F8C6}.Release|Any CPU.Build.0 = Release|Any CPU
	EndGlobalSection
	GlobalSection(SolutionProperties) = preSolution
		HideSolutionNode = FALSE
	EndGlobalSection
	GlobalSection(ExtensibilityGlobals) = postSolution
		SolutionGuid = {657B42E8-12D2-4ABE-83C9-E72B3F3A2111}
	EndGlobalSection
EndGlobal
